
Microsoft Visual Studio Solution File, Format Version 12.00
# Visual Studio Version 16
VisualStudioVersion = 16.0.29326.143
MinimumVisualStudioVersion = 10.0.40219.1
Project("{9A19103F-16F7-4668-BE54-9A1E7A4F7556}") = "CodeAnalyzers.Episerver", "CodeAnalyzers.Episerver\CodeAnalyzers.Episerver.csproj", "{220C789C-6D2C-4F4B-8C5D-AFB9518AD071}"
EndProject
Project("{9A19103F-16F7-4668-BE54-9A1E7A4F7556}") = "CodeAnalyzers.Episerver.Cms11.Test", "..\test\CodeAnalyzers.Episerver.Test\CodeAnalyzers.Episerver.Cms11.Test.csproj", "{3D1D7017-302D-465D-AF8A-7E5C7D9571D3}"
EndProject
Project("{FAE04EC0-301F-11D3-BF4B-00C04F79EFBC}") = "CodeAnalyzers.Episerver.Vsix", "CodeAnalyzers.Episerver.Vsix\CodeAnalyzers.Episerver.Vsix.csproj", "{196E7C95-EAFB-4A2B-94C1-D6A58D46208C}"
EndProject
Project("{2150E333-8FDC-42A3-9474-1A3956D46DE8}") = "Solution Items", "Solution Items", "{0599832A-E761-4A0B-A50E-D31B9F41357F}"
	ProjectSection(SolutionItems) = preProject
		..\azure-pipelines.yml = ..\azure-pipelines.yml
		..\README.md = ..\README.md
		..\docs\rules\rules.md = ..\docs\rules\rules.md
	EndProjectSection
EndProject
Project("{9A19103F-16F7-4668-BE54-9A1E7A4F7556}") = "CodeAnalyzers.Episerver.Cms10.Test", "..\test\CodeAnalyzers.Episerver.Test\CodeAnalyzers.Episerver.Cms10.Test.csproj", "{BF64BFE2-A280-4F66-8E76-12FF57EDC277}"
EndProject
Project("{9A19103F-16F7-4668-BE54-9A1E7A4F7556}") = "CodeAnalyzers.Episerver.Cms9.Test", "..\test\CodeAnalyzers.Episerver.Test\CodeAnalyzers.Episerver.Cms9.Test.csproj", "{AE8A3667-BA13-4EAF-9D66-D53B6C74EAC5}"
EndProject
Project("{2150E333-8FDC-42A3-9474-1A3956D46DE8}") = "Test", "Test", "{1EE0E227-D799-4C81-8403-93F1ADB7C415}"
EndProject
Global
	GlobalSection(SolutionConfigurationPlatforms) = preSolution
		Debug|Any CPU = Debug|Any CPU
		Release|Any CPU = Release|Any CPU
	EndGlobalSection
	GlobalSection(ProjectConfigurationPlatforms) = postSolution
		{220C789C-6D2C-4F4B-8C5D-AFB9518AD071}.Debug|Any CPU.ActiveCfg = Debug|Any CPU
		{220C789C-6D2C-4F4B-8C5D-AFB9518AD071}.Debug|Any CPU.Build.0 = Debug|Any CPU
		{220C789C-6D2C-4F4B-8C5D-AFB9518AD071}.Release|Any CPU.ActiveCfg = Release|Any CPU
		{220C789C-6D2C-4F4B-8C5D-AFB9518AD071}.Release|Any CPU.Build.0 = Release|Any CPU
		{3D1D7017-302D-465D-AF8A-7E5C7D9571D3}.Debug|Any CPU.ActiveCfg = Debug|Any CPU
		{3D1D7017-302D-465D-AF8A-7E5C7D9571D3}.Debug|Any CPU.Build.0 = Debug|Any CPU
		{3D1D7017-302D-465D-AF8A-7E5C7D9571D3}.Release|Any CPU.ActiveCfg = Release|Any CPU
		{3D1D7017-302D-465D-AF8A-7E5C7D9571D3}.Release|Any CPU.Build.0 = Release|Any CPU
		{196E7C95-EAFB-4A2B-94C1-D6A58D46208C}.Debug|Any CPU.ActiveCfg = Debug|Any CPU
		{196E7C95-EAFB-4A2B-94C1-D6A58D46208C}.Debug|Any CPU.Build.0 = Debug|Any CPU
		{196E7C95-EAFB-4A2B-94C1-D6A58D46208C}.Release|Any CPU.ActiveCfg = Release|Any CPU
		{196E7C95-EAFB-4A2B-94C1-D6A58D46208C}.Release|Any CPU.Build.0 = Release|Any CPU
		{BF64BFE2-A280-4F66-8E76-12FF57EDC277}.Debug|Any CPU.ActiveCfg = Debug|Any CPU
		{BF64BFE2-A280-4F66-8E76-12FF57EDC277}.Debug|Any CPU.Build.0 = Debug|Any CPU
		{BF64BFE2-A280-4F66-8E76-12FF57EDC277}.Release|Any CPU.ActiveCfg = Release|Any CPU
		{BF64BFE2-A280-4F66-8E76-12FF57EDC277}.Release|Any CPU.Build.0 = Release|Any CPU
		{AE8A3667-BA13-4EAF-9D66-D53B6C74EAC5}.Debug|Any CPU.ActiveCfg = Debug|Any CPU
		{AE8A3667-BA13-4EAF-9D66-D53B6C74EAC5}.Debug|Any CPU.Build.0 = Debug|Any CPU
		{AE8A3667-BA13-4EAF-9D66-D53B6C74EAC5}.Release|Any CPU.ActiveCfg = Release|Any CPU
		{AE8A3667-BA13-4EAF-9D66-D53B6C74EAC5}.Release|Any CPU.Build.0 = Release|Any CPU
	EndGlobalSection
	GlobalSection(SolutionProperties) = preSolution
		HideSolutionNode = FALSE
	EndGlobalSection
	GlobalSection(NestedProjects) = preSolution
		{3D1D7017-302D-465D-AF8A-7E5C7D9571D3} = {1EE0E227-D799-4C81-8403-93F1ADB7C415}
		{BF64BFE2-A280-4F66-8E76-12FF57EDC277} = {1EE0E227-D799-4C81-8403-93F1ADB7C415}
		{AE8A3667-BA13-4EAF-9D66-D53B6C74EAC5} = {1EE0E227-D799-4C81-8403-93F1ADB7C415}
	EndGlobalSection
	GlobalSection(ExtensibilityGlobals) = postSolution
		SolutionGuid = {6513C72D-67E8-4EB6-8563-297920033F1B}
	EndGlobalSection
EndGlobal
